
Microsoft Visual Studio Solution File, Format Version 12.00
# Visual Studio 15
VisualStudioVersion = 15.0.26430.14
MinimumVisualStudioVersion = 10.0.40219.1
Project("{FAE04EC0-301F-11D3-BF4B-00C04F79EFBC}") = "CalculatorXamarin.Android", "CalculatorXamarin\CalculatorXamarin.Android\CalculatorXamarin.Android.csproj", "{F4AF440F-4599-45A0-9104-27C254BC7198}"
EndProject
Project("{FAE04EC0-301F-11D3-BF4B-00C04F79EFBC}") = "CalculatorXamarin", "CalculatorXamarin\CalculatorXamarin\CalculatorXamarin.csproj", "{680D879C-2758-498A-A9FF-8A82DC1E9853}"
EndProject
Project("{FAE04EC0-301F-11D3-BF4B-00C04F79EFBC}") = "CalculatorXamarin.UWP", "CalculatorXamarin\CalculatorXamarin.UWP\CalculatorXamarin.UWP.csproj", "{3C51E560-2328-4E70-91E6-0A6829E0C99E}"
EndProject
Project("{FAE04EC0-301F-11D3-BF4B-00C04F79EFBC}") = "CalculatorXamarin.iOS", "CalculatorXamarin\CalculatorXamarin.iOS\CalculatorXamarin.iOS.csproj", "{199E30C4-BAC5-40CB-8714-7E963E2F33DA}"
EndProject
Global
	GlobalSection(SolutionConfigurationPlatforms) = preSolution
		Ad-Hoc|Any CPU = Ad-Hoc|Any CPU
		Ad-Hoc|ARM = Ad-Hoc|ARM
		Ad-Hoc|iPhone = Ad-Hoc|iPhone
		Ad-Hoc|iPhoneSimulator = Ad-Hoc|iPhoneSimulator
		Ad-Hoc|x64 = Ad-Hoc|x64
		Ad-Hoc|x86 = Ad-Hoc|x86
		AppStore|Any CPU = AppStore|Any CPU
		AppStore|ARM = AppStore|ARM
		AppStore|iPhone = AppStore|iPhone
		AppStore|iPhoneSimulator = AppStore|iPhoneSimulator
		AppStore|x64 = AppStore|x64
		AppStore|x86 = AppStore|x86
		Debug|Any CPU = Debug|Any CPU
		Debug|ARM = Debug|ARM
		Debug|iPhone = Debug|iPhone
		Debug|iPhoneSimulator = Debug|iPhoneSimulator
		Debug|x64 = Debug|x64
		Debug|x86 = Debug|x86
		Release|Any CPU = Release|Any CPU
		Release|ARM = Release|ARM
		Release|iPhone = Release|iPhone
		Release|iPhoneSimulator = Release|iPhoneSimulator
		Release|x64 = Release|x64
		Release|x86 = Release|x86
	EndGlobalSection
	GlobalSection(ProjectConfigurationPlatforms) = postSolution
		{F4AF440F-4599-45A0-9104-27C254BC7198}.Ad-Hoc|Any CPU.ActiveCfg = Release|Any CPU
		{F4AF440F-4599-45A0-9104-27C254BC7198}.Ad-Hoc|Any CPU.Build.0 = Release|Any CPU
		{F4AF440F-4599-45A0-9104-27C254BC7198}.Ad-Hoc|Any CPU.Deploy.0 = Release|Any CPU
		{F4AF440F-4599-45A0-9104-27C254BC7198}.Ad-Hoc|ARM.ActiveCfg = Release|Any CPU
		{F4AF440F-4599-45A0-9104-27C254BC7198}.Ad-Hoc|ARM.Build.0 = Release|Any CPU
		{F4AF440F-4599-45A0-9104-27C254BC7198}.Ad-Hoc|ARM.Deploy.0 = Release|Any CPU
		{F4AF440F-4599-45A0-9104-27C254BC7198}.Ad-Hoc|iPhone.ActiveCfg = Release|Any CPU
		{F4AF440F-4599-45A0-9104-27C254BC7198}.Ad-Hoc|iPhone.Build.0 = Release|Any CPU
		{F4AF440F-4599-45A0-9104-27C254BC7198}.Ad-Hoc|iPhone.Deploy.0 = Release|Any CPU
		{F4AF440F-4599-45A0-9104-27C254BC7198}.Ad-Hoc|iPhoneSimulator.ActiveCfg = Release|Any CPU
		{F4AF440F-4599-45A0-9104-27C254BC7198}.Ad-Hoc|iPhoneSimulator.Build.0 = Release|Any CPU
		{F4AF440F-4599-45A0-9104-27C254BC7198}.Ad-Hoc|iPhoneSimulator.Deploy.0 = Release|Any CPU
		{F4AF440F-4599-45A0-9104-27C254BC7198}.Ad-Hoc|x64.ActiveCfg = Release|Any CPU
		{F4AF440F-4599-45A0-9104-27C254BC7198}.Ad-Hoc|x64.Build.0 = Release|Any CPU
		{F4AF440F-4599-45A0-9104-27C254BC7198}.Ad-Hoc|x64.Deploy.0 = Release|Any CPU
		{F4AF440F-4599-45A0-9104-27C254BC7198}.Ad-Hoc|x86.ActiveCfg = Release|Any CPU
		{F4AF440F-4599-45A0-9104-27C254BC7198}.Ad-Hoc|x86.Build.0 = Release|Any CPU
		{F4AF440F-4599-45A0-9104-27C254BC7198}.Ad-Hoc|x86.Deploy.0 = Release|Any CPU
		{F4AF440F-4599-45A0-9104-27C254BC7198}.AppStore|Any CPU.ActiveCfg = Release|Any CPU
		{F4AF440F-4599-45A0-9104-27C254BC7198}.AppStore|Any CPU.Build.0 = Release|Any CPU
		{F4AF440F-4599-45A0-9104-27C254BC7198}.AppStore|Any CPU.Deploy.0 = Release|Any CPU
		{F4AF440F-4599-45A0-9104-27C254BC7198}.AppStore|ARM.ActiveCfg = Release|Any CPU
		{F4AF440F-4599-45A0-9104-27C254BC7198}.AppStore|ARM.Build.0 = Release|Any CPU
		{F4AF440F-4599-45A0-9104-27C254BC7198}.AppStore|ARM.Deploy.0 = Release|Any CPU
		{F4AF440F-4599-45A0-9104-27C254BC7198}.AppStore|iPhone.ActiveCfg = Release|Any CPU
		{F4AF440F-4599-45A0-9104-27C254BC7198}.AppStore|iPhone.Build.0 = Release|Any CPU
		{F4AF440F-4599-45A0-9104-27C254BC7198}.AppStore|iPhone.Deploy.0 = Release|Any CPU
		{F4AF440F-4599-45A0-9104-27C254BC7198}.AppStore|iPhoneSimulator.ActiveCfg = Release|Any CPU
		{F4AF440F-4599-45A0-9104-27C254BC7198}.AppStore|iPhoneSimulator.Build.0 = Release|Any CPU
		{F4AF440F-4599-45A0-9104-27C254BC7198}.AppStore|iPhoneSimulator.Deploy.0 = Release|Any CPU
		{F4AF440F-4599-45A0-9104-27C254BC7198}.AppStore|x64.ActiveCfg = Release|Any CPU
		{F4AF440F-4599-45A0-9104-27C254BC7198}.AppStore|x64.Build.0 = Release|Any CPU
		{F4AF440F-4599-45A0-9104-27C254BC7198}.AppStore|x64.Deploy.0 = Release|Any CPU
		{F4AF440F-4599-45A0-9104-27C254BC7198}.AppStore|x86.ActiveCfg = Release|Any CPU
		{F4AF440F-4599-45A0-9104-27C254BC7198}.AppStore|x86.Build.0 = Release|Any CPU
		{F4AF440F-4599-45A0-9104-27C254BC7198}.AppStore|x86.Deploy.0 = Release|Any CPU
		{F4AF440F-4599-45A0-9104-27C254BC7198}.Debug|Any CPU.ActiveCfg = Debug|Any CPU
		{F4AF440F-4599-45A0-9104-27C254BC7198}.Debug|ARM.ActiveCfg = Debug|Any CPU
		{F4AF440F-4599-45A0-9104-27C254BC7198}.Debug|ARM.Build.0 = Debug|Any CPU
		{F4AF440F-4599-45A0-9104-27C254BC7198}.Debug|ARM.Deploy.0 = Debug|Any CPU
		{F4AF440F-4599-45A0-9104-27C254BC7198}.Debug|iPhone.ActiveCfg = Debug|Any CPU
		{F4AF440F-4599-45A0-9104-27C254BC7198}.Debug|iPhone.Build.0 = Debug|Any CPU
		{F4AF440F-4599-45A0-9104-27C254BC7198}.Debug|iPhone.Deploy.0 = Debug|Any CPU
		{F4AF440F-4599-45A0-9104-27C254BC7198}.Debug|iPhoneSimulator.ActiveCfg = Debug|Any CPU
		{F4AF440F-4599-45A0-9104-27C254BC7198}.Debug|iPhoneSimulator.Build.0 = Debug|Any CPU
		{F4AF440F-4599-45A0-9104-27C254BC7198}.Debug|iPhoneSimulator.Deploy.0 = Debug|Any CPU
		{F4AF440F-4599-45A0-9104-27C254BC7198}.Debug|x64.ActiveCfg = Debug|Any CPU
		{F4AF440F-4599-45A0-9104-27C254BC7198}.Debug|x64.Build.0 = Debug|Any CPU
		{F4AF440F-4599-45A0-9104-27C254BC7198}.Debug|x64.Deploy.0 = Debug|Any CPU
		{F4AF440F-4599-45A0-9104-27C254BC7198}.Debug|x86.ActiveCfg = Debug|Any CPU
		{F4AF440F-4599-45A0-9104-27C254BC7198}.Debug|x86.Build.0 = Debug|Any CPU
		{F4AF440F-4599-45A0-9104-27C254BC7198}.Debug|x86.Deploy.0 = Debug|Any CPU
		{F4AF440F-4599-45A0-9104-27C254BC7198}.Release|Any CPU.ActiveCfg = Release|Any CPU
		{F4AF440F-4599-45A0-9104-27C254BC7198}.Release|Any CPU.Build.0 = Release|Any CPU
		{F4AF440F-4599-45A0-9104-27C254BC7198}.Release|Any CPU.Deploy.0 = Release|Any CPU
		{F4AF440F-4599-45A0-9104-27C254BC7198}.Release|ARM.ActiveCfg = Release|Any CPU
		{F4AF440F-4599-45A0-9104-27C254BC7198}.Release|ARM.Build.0 = Release|Any CPU
		{F4AF440F-4599-45A0-9104-27C254BC7198}.Release|ARM.Deploy.0 = Release|Any CPU
		{F4AF440F-4599-45A0-9104-27C254BC7198}.Release|iPhone.ActiveCfg = Release|Any CPU
		{F4AF440F-4599-45A0-9104-27C254BC7198}.Release|iPhone.Build.0 = Release|Any CPU
		{F4AF440F-4599-45A0-9104-27C254BC7198}.Release|iPhone.Deploy.0 = Release|Any CPU
		{F4AF440F-4599-45A0-9104-27C254BC7198}.Release|iPhoneSimulator.ActiveCfg = Release|Any CPU
		{F4AF440F-4599-45A0-9104-27C254BC7198}.Release|iPhoneSimulator.Build.0 = Release|Any CPU
		{F4AF440F-4599-45A0-9104-27C254BC7198}.Release|iPhoneSimulator.Deploy.0 = Release|Any CPU
		{F4AF440F-4599-45A0-9104-27C254BC7198}.Release|x64.ActiveCfg = Release|Any CPU
		{F4AF440F-4599-45A0-9104-27C254BC7198}.Release|x64.Build.0 = Release|Any CPU
		{F4AF440F-4599-45A0-9104-27C254BC7198}.Release|x64.Deploy.0 = Release|Any CPU
		{F4AF440F-4599-45A0-9104-27C254BC7198}.Release|x86.ActiveCfg = Release|Any CPU
		{F4AF440F-4599-45A0-9104-27C254BC7198}.Release|x86.Build.0 = Release|Any CPU
		{F4AF440F-4599-45A0-9104-27C254BC7198}.Release|x86.Deploy.0 = Release|Any CPU
		{680D879C-2758-498A-A9FF-8A82DC1E9853}.Ad-Hoc|Any CPU.ActiveCfg = Release|Any CPU
		{680D879C-2758-498A-A9FF-8A82DC1E9853}.Ad-Hoc|Any CPU.Build.0 = Release|Any CPU
		{680D879C-2758-498A-A9FF-8A82DC1E9853}.Ad-Hoc|ARM.ActiveCfg = Release|Any CPU
		{680D879C-2758-498A-A9FF-8A82DC1E9853}.Ad-Hoc|ARM.Build.0 = Release|Any CPU
		{680D879C-2758-498A-A9FF-8A82DC1E9853}.Ad-Hoc|iPhone.ActiveCfg = Release|Any CPU
		{680D879C-2758-498A-A9FF-8A82DC1E9853}.Ad-Hoc|iPhone.Build.0 = Release|Any CPU
		{680D879C-2758-498A-A9FF-8A82DC1E9853}.Ad-Hoc|iPhoneSimulator.ActiveCfg = Release|Any CPU
		{680D879C-2758-498A-A9FF-8A82DC1E9853}.Ad-Hoc|iPhoneSimulator.Build.0 = Release|Any CPU
		{680D879C-2758-498A-A9FF-8A82DC1E9853}.Ad-Hoc|x64.ActiveCfg = Release|Any CPU
		{680D879C-2758-498A-A9FF-8A82DC1E9853}.Ad-Hoc|x64.Build.0 = Release|Any CPU
		{680D879C-2758-498A-A9FF-8A82DC1E9853}.Ad-Hoc|x86.ActiveCfg = Release|Any CPU
		{680D879C-2758-498A-A9FF-8A82DC1E9853}.Ad-Hoc|x86.Build.0 = Release|Any CPU
		{680D879C-2758-498A-A9FF-8A82DC1E9853}.AppStore|Any CPU.ActiveCfg = Release|Any CPU
		{680D879C-2758-498A-A9FF-8A82DC1E9853}.AppStore|Any CPU.Build.0 = Release|Any CPU
		{680D879C-2758-498A-A9FF-8A82DC1E9853}.AppStore|ARM.ActiveCfg = Release|Any CPU
		{680D879C-2758-498A-A9FF-8A82DC1E9853}.AppStore|ARM.Build.0 = Release|Any CPU
		{680D879C-2758-498A-A9FF-8A82DC1E9853}.AppStore|iPhone.ActiveCfg = Release|Any CPU
		{680D879C-2758-498A-A9FF-8A82DC1E9853}.AppStore|iPhone.Build.0 = Release|Any CPU
		{680D879C-2758-498A-A9FF-8A82DC1E9853}.AppStore|iPhoneSimulator.ActiveCfg = Release|Any CPU
		{680D879C-2758-498A-A9FF-8A82DC1E9853}.AppStore|iPhoneSimulator.Build.0 = Release|Any CPU
		{680D879C-2758-498A-A9FF-8A82DC1E9853}.AppStore|x64.ActiveCfg = Release|Any CPU
		{680D879C-2758-498A-A9FF-8A82DC1E9853}.AppStore|x64.Build.0 = Release|Any CPU
		{680D879C-2758-498A-A9FF-8A82DC1E9853}.AppStore|x86.ActiveCfg = Release|Any CPU
		{680D879C-2758-498A-A9FF-8A82DC1E9853}.AppStore|x86.Build.0 = Release|Any CPU
		{680D879C-2758-498A-A9FF-8A82DC1E9853}.Debug|Any CPU.ActiveCfg = Debug|Any CPU
		{680D879C-2758-498A-A9FF-8A82DC1E9853}.Debug|Any CPU.Build.0 = Debug|Any CPU
		{680D879C-2758-498A-A9FF-8A82DC1E9853}.Debug|ARM.ActiveCfg = Debug|Any CPU
		{680D879C-2758-498A-A9FF-8A82DC1E9853}.Debug|ARM.Build.0 = Debug|Any CPU
		{680D879C-2758-498A-A9FF-8A82DC1E9853}.Debug|iPhone.ActiveCfg = Debug|Any CPU
		{680D879C-2758-498A-A9FF-8A82DC1E9853}.Debug|iPhone.Build.0 = Debug|Any CPU
		{680D879C-2758-498A-A9FF-8A82DC1E9853}.Debug|iPhoneSimulator.ActiveCfg = Debug|Any CPU
		{680D879C-2758-498A-A9FF-8A82DC1E9853}.Debug|iPhoneSimulator.Build.0 = Debug|Any CPU
		{680D879C-2758-498A-A9FF-8A82DC1E9853}.Debug|x64.ActiveCfg = Debug|Any CPU
		{680D879C-2758-498A-A9FF-8A82DC1E9853}.Debug|x64.Build.0 = Debug|Any CPU
		{680D879C-2758-498A-A9FF-8A82DC1E9853}.Debug|x86.ActiveCfg = Debug|Any CPU
		{680D879C-2758-498A-A9FF-8A82DC1E9853}.Debug|x86.Build.0 = Debug|Any CPU
		{680D879C-2758-498A-A9FF-8A82DC1E9853}.Release|Any CPU.ActiveCfg = Release|Any CPU
		{680D879C-2758-498A-A9FF-8A82DC1E9853}.Release|Any CPU.Build.0 = Release|Any CPU
		{680D879C-2758-498A-A9FF-8A82DC1E9853}.Release|ARM.ActiveCfg = Release|Any CPU
		{680D879C-2758-498A-A9FF-8A82DC1E9853}.Release|ARM.Build.0 = Release|Any CPU
		{680D879C-2758-498A-A9FF-8A82DC1E9853}.Release|iPhone.ActiveCfg = Release|Any CPU
		{680D879C-2758-498A-A9FF-8A82DC1E9853}.Release|iPhone.Build.0 = Release|Any CPU
		{680D879C-2758-498A-A9FF-8A82DC1E9853}.Release|iPhoneSimulator.ActiveCfg = Release|Any CPU
		{680D879C-2758-498A-A9FF-8A82DC1E9853}.Release|iPhoneSimulator.Build.0 = Release|Any CPU
		{680D879C-2758-498A-A9FF-8A82DC1E9853}.Release|x64.ActiveCfg = Release|Any CPU
		{680D879C-2758-498A-A9FF-8A82DC1E9853}.Release|x64.Build.0 = Release|Any CPU
		{680D879C-2758-498A-A9FF-8A82DC1E9853}.Release|x86.ActiveCfg = Release|Any CPU
		{680D879C-2758-498A-A9FF-8A82DC1E9853}.Release|x86.Build.0 = Release|Any CPU
		{3C51E560-2328-4E70-91E6-0A6829E0C99E}.Ad-Hoc|Any CPU.ActiveCfg = Release|x86
		{3C51E560-2328-4E70-91E6-0A6829E0C99E}.Ad-Hoc|Any CPU.Build.0 = Release|x86
		{3C51E560-2328-4E70-91E6-0A6829E0C99E}.Ad-Hoc|Any CPU.Deploy.0 = Release|x86
		{3C51E560-2328-4E70-91E6-0A6829E0C99E}.Ad-Hoc|ARM.ActiveCfg = Release|ARM
		{3C51E560-2328-4E70-91E6-0A6829E0C99E}.Ad-Hoc|ARM.Build.0 = Release|ARM
		{3C51E560-2328-4E70-91E6-0A6829E0C99E}.Ad-Hoc|ARM.Deploy.0 = Release|ARM
		{3C51E560-2328-4E70-91E6-0A6829E0C99E}.Ad-Hoc|iPhone.ActiveCfg = Release|x86
		{3C51E560-2328-4E70-91E6-0A6829E0C99E}.Ad-Hoc|iPhone.Build.0 = Release|x86
		{3C51E560-2328-4E70-91E6-0A6829E0C99E}.Ad-Hoc|iPhone.Deploy.0 = Release|x86
		{3C51E560-2328-4E70-91E6-0A6829E0C99E}.Ad-Hoc|iPhoneSimulator.ActiveCfg = Release|x86
		{3C51E560-2328-4E70-91E6-0A6829E0C99E}.Ad-Hoc|iPhoneSimulator.Build.0 = Release|x86
		{3C51E560-2328-4E70-91E6-0A6829E0C99E}.Ad-Hoc|iPhoneSimulator.Deploy.0 = Release|x86
		{3C51E560-2328-4E70-91E6-0A6829E0C99E}.Ad-Hoc|x64.ActiveCfg = Release|x64
		{3C51E560-2328-4E70-91E6-0A6829E0C99E}.Ad-Hoc|x64.Build.0 = Release|x64
		{3C51E560-2328-4E70-91E6-0A6829E0C99E}.Ad-Hoc|x64.Deploy.0 = Release|x64
		{3C51E560-2328-4E70-91E6-0A6829E0C99E}.Ad-Hoc|x86.ActiveCfg = Release|x86
		{3C51E560-2328-4E70-91E6-0A6829E0C99E}.Ad-Hoc|x86.Build.0 = Release|x86
		{3C51E560-2328-4E70-91E6-0A6829E0C99E}.Ad-Hoc|x86.Deploy.0 = Release|x86
		{3C51E560-2328-4E70-91E6-0A6829E0C99E}.AppStore|Any CPU.ActiveCfg = Release|x86
		{3C51E560-2328-4E70-91E6-0A6829E0C99E}.AppStore|Any CPU.Build.0 = Release|x86
		{3C51E560-2328-4E70-91E6-0A6829E0C99E}.AppStore|Any CPU.Deploy.0 = Release|x86
		{3C51E560-2328-4E70-91E6-0A6829E0C99E}.AppStore|ARM.ActiveCfg = Release|ARM
		{3C51E560-2328-4E70-91E6-0A6829E0C99E}.AppStore|ARM.Build.0 = Release|ARM
		{3C51E560-2328-4E70-91E6-0A6829E0C99E}.AppStore|ARM.Deploy.0 = Release|ARM
		{3C51E560-2328-4E70-91E6-0A6829E0C99E}.AppStore|iPhone.ActiveCfg = Release|x86
		{3C51E560-2328-4E70-91E6-0A6829E0C99E}.AppStore|iPhone.Build.0 = Release|x86
		{3C51E560-2328-4E70-91E6-0A6829E0C99E}.AppStore|iPhone.Deploy.0 = Release|x86
		{3C51E560-2328-4E70-91E6-0A6829E0C99E}.AppStore|iPhoneSimulator.ActiveCfg = Release|x86
		{3C51E560-2328-4E70-91E6-0A6829E0C99E}.AppStore|iPhoneSimulator.Build.0 = Release|x86
		{3C51E560-2328-4E70-91E6-0A6829E0C99E}.AppStore|iPhoneSimulator.Deploy.0 = Release|x86
		{3C51E560-2328-4E70-91E6-0A6829E0C99E}.AppStore|x64.ActiveCfg = Release|x64
		{3C51E560-2328-4E70-91E6-0A6829E0C99E}.AppStore|x64.Build.0 = Release|x64
		{3C51E560-2328-4E70-91E6-0A6829E0C99E}.AppStore|x64.Deploy.0 = Release|x64
		{3C51E560-2328-4E70-91E6-0A6829E0C99E}.AppStore|x86.ActiveCfg = Release|x86
		{3C51E560-2328-4E70-91E6-0A6829E0C99E}.AppStore|x86.Build.0 = Release|x86
		{3C51E560-2328-4E70-91E6-0A6829E0C99E}.AppStore|x86.Deploy.0 = Release|x86
		{3C51E560-2328-4E70-91E6-0A6829E0C99E}.Debug|Any CPU.ActiveCfg = Debug|x86
		{3C51E560-2328-4E70-91E6-0A6829E0C99E}.Debug|Any CPU.Build.0 = Debug|x86
		{3C51E560-2328-4E70-91E6-0A6829E0C99E}.Debug|Any CPU.Deploy.0 = Debug|x86
		{3C51E560-2328-4E70-91E6-0A6829E0C99E}.Debug|ARM.ActiveCfg = Debug|ARM
		{3C51E560-2328-4E70-91E6-0A6829E0C99E}.Debug|ARM.Build.0 = Debug|ARM
		{3C51E560-2328-4E70-91E6-0A6829E0C99E}.Debug|ARM.Deploy.0 = Debug|ARM
		{3C51E560-2328-4E70-91E6-0A6829E0C99E}.Debug|iPhone.ActiveCfg = Debug|x86
		{3C51E560-2328-4E70-91E6-0A6829E0C99E}.Debug|iPhoneSimulator.ActiveCfg = Debug|x86
		{3C51E560-2328-4E70-91E6-0A6829E0C99E}.Debug|x64.ActiveCfg = Debug|x64
		{3C51E560-2328-4E70-91E6-0A6829E0C99E}.Debug|x64.Build.0 = Debug|x64
		{3C51E560-2328-4E70-91E6-0A6829E0C99E}.Debug|x64.Deploy.0 = Debug|x64
		{3C51E560-2328-4E70-91E6-0A6829E0C99E}.Debug|x86.ActiveCfg = Debug|x86
		{3C51E560-2328-4E70-91E6-0A6829E0C99E}.Debug|x86.Build.0 = Debug|x86
		{3C51E560-2328-4E70-91E6-0A6829E0C99E}.Debug|x86.Deploy.0 = Debug|x86
		{3C51E560-2328-4E70-91E6-0A6829E0C99E}.Release|Any CPU.ActiveCfg = Release|x86
		{3C51E560-2328-4E70-91E6-0A6829E0C99E}.Release|ARM.ActiveCfg = Release|ARM
		{3C51E560-2328-4E70-91E6-0A6829E0C99E}.Release|ARM.Build.0 = Release|ARM
		{3C51E560-2328-4E70-91E6-0A6829E0C99E}.Release|ARM.Deploy.0 = Release|ARM
		{3C51E560-2328-4E70-91E6-0A6829E0C99E}.Release|iPhone.ActiveCfg = Release|x86
		{3C51E560-2328-4E70-91E6-0A6829E0C99E}.Release|iPhoneSimulator.ActiveCfg = Release|x86
		{3C51E560-2328-4E70-91E6-0A6829E0C99E}.Release|x64.ActiveCfg = Release|x64
		{3C51E560-2328-4E70-91E6-0A6829E0C99E}.Release|x64.Build.0 = Release|x64
		{3C51E560-2328-4E70-91E6-0A6829E0C99E}.Release|x64.Deploy.0 = Release|x64
		{3C51E560-2328-4E70-91E6-0A6829E0C99E}.Release|x86.ActiveCfg = Release|x86
		{3C51E560-2328-4E70-91E6-0A6829E0C99E}.Release|x86.Build.0 = Release|x86
		{3C51E560-2328-4E70-91E6-0A6829E0C99E}.Release|x86.Deploy.0 = Release|x86
		{199E30C4-BAC5-40CB-8714-7E963E2F33DA}.Ad-Hoc|Any CPU.ActiveCfg = Ad-Hoc|iPhone
		{199E30C4-BAC5-40CB-8714-7E963E2F33DA}.Ad-Hoc|ARM.ActiveCfg = Ad-Hoc|iPhone
		{199E30C4-BAC5-40CB-8714-7E963E2F33DA}.Ad-Hoc|iPhone.ActiveCfg = Ad-Hoc|iPhone
		{199E30C4-BAC5-40CB-8714-7E963E2F33DA}.Ad-Hoc|iPhone.Build.0 = Ad-Hoc|iPhone
		{199E30C4-BAC5-40CB-8714-7E963E2F33DA}.Ad-Hoc|iPhoneSimulator.ActiveCfg = Ad-Hoc|iPhoneSimulator
		{199E30C4-BAC5-40CB-8714-7E963E2F33DA}.Ad-Hoc|iPhoneSimulator.Build.0 = Ad-Hoc|iPhoneSimulator
		{199E30C4-BAC5-40CB-8714-7E963E2F33DA}.Ad-Hoc|x64.ActiveCfg = Ad-Hoc|iPhone
		{199E30C4-BAC5-40CB-8714-7E963E2F33DA}.Ad-Hoc|x86.ActiveCfg = Ad-Hoc|iPhone
		{199E30C4-BAC5-40CB-8714-7E963E2F33DA}.AppStore|Any CPU.ActiveCfg = AppStore|iPhone
		{199E30C4-BAC5-40CB-8714-7E963E2F33DA}.AppStore|ARM.ActiveCfg = AppStore|iPhone
		{199E30C4-BAC5-40CB-8714-7E963E2F33DA}.AppStore|iPhone.ActiveCfg = AppStore|iPhone
		{199E30C4-BAC5-40CB-8714-7E963E2F33DA}.AppStore|iPhone.Build.0 = AppStore|iPhone
		{199E30C4-BAC5-40CB-8714-7E963E2F33DA}.AppStore|iPhoneSimulator.ActiveCfg = AppStore|iPhoneSimulator
		{199E30C4-BAC5-40CB-8714-7E963E2F33DA}.AppStore|iPhoneSimulator.Build.0 = AppStore|iPhoneSimulator
		{199E30C4-BAC5-40CB-8714-7E963E2F33DA}.AppStore|x64.ActiveCfg = AppStore|iPhone
		{199E30C4-BAC5-40CB-8714-7E963E2F33DA}.AppStore|x86.ActiveCfg = AppStore|iPhone
		{199E30C4-BAC5-40CB-8714-7E963E2F33DA}.Debug|Any CPU.ActiveCfg = Debug|iPhone
		{199E30C4-BAC5-40CB-8714-7E963E2F33DA}.Debug|ARM.ActiveCfg = Debug|iPhone
		{199E30C4-BAC5-40CB-8714-7E963E2F33DA}.Debug|iPhone.ActiveCfg = Debug|iPhone
		{199E30C4-BAC5-40CB-8714-7E963E2F33DA}.Debug|iPhone.Build.0 = Debug|iPhone
		{199E30C4-BAC5-40CB-8714-7E963E2F33DA}.Debug|iPhoneSimulator.ActiveCfg = Debug|iPhoneSimulator
		{199E30C4-BAC5-40CB-8714-7E963E2F33DA}.Debug|iPhoneSimulator.Build.0 = Debug|iPhoneSimulator
		{199E30C4-BAC5-40CB-8714-7E963E2F33DA}.Debug|x64.ActiveCfg = Debug|iPhone
		{199E30C4-BAC5-40CB-8714-7E963E2F33DA}.Debug|x86.ActiveCfg = Debug|iPhone
		{199E30C4-BAC5-40CB-8714-7E963E2F33DA}.Release|Any CPU.ActiveCfg = Release|iPhone
		{199E30C4-BAC5-40CB-8714-7E963E2F33DA}.Release|ARM.ActiveCfg = Release|iPhone
		{199E30C4-BAC5-40CB-8714-7E963E2F33DA}.Release|iPhone.ActiveCfg = Release|iPhone
		{199E30C4-BAC5-40CB-8714-7E963E2F33DA}.Release|iPhone.Build.0 = Release|iPhone
		{199E30C4-BAC5-40CB-8714-7E963E2F33DA}.Release|iPhoneSimulator.ActiveCfg = Release|iPhoneSimulator
		{199E30C4-BAC5-40CB-8714-7E963E2F33DA}.Release|iPhoneSimulator.Build.0 = Release|iPhoneSimulator
		{199E30C4-BAC5-40CB-8714-7E963E2F33DA}.Release|x64.ActiveCfg = Release|iPhone
		{199E30C4-BAC5-40CB-8714-7E963E2F33DA}.Release|x86.ActiveCfg = Release|iPhone
	EndGlobalSection
	GlobalSection(SolutionProperties) = preSolution
		HideSolutionNode = FALSE
	EndGlobalSection
EndGlobal
