
Microsoft Visual Studio Solution File, Format Version 12.00
# Visual Studio 15
VisualStudioVersion = 15.0.26430.14
MinimumVisualStudioVersion = 10.0.40219.1
Project("{FAE04EC0-301F-11D3-BF4B-00C04F79EFBC}") = "CSharpExam", "CSharpExam\CSharpExam.csproj", "{2C09329F-C9A9-4920-A7FA-3EF871DE1667}"
EndProject
Global
	GlobalSection(SolutionConfigurationPlatforms) = preSolution
		Debug|Any CPU = Debug|Any CPU
		Release|Any CPU = Release|Any CPU
	EndGlobalSection
	GlobalSection(ProjectConfigurationPlatforms) = postSolution
		{2C09329F-C9A9-4920-A7FA-3EF871DE1667}.Debug|Any CPU.ActiveCfg = Debug|Any CPU
		{2C09329F-C9A9-4920-A7FA-3EF871DE1667}.Debug|Any CPU.Build.0 = Debug|Any CPU
		{2C09329F-C9A9-4920-A7FA-3EF871DE1667}.Release|Any CPU.ActiveCfg = Release|Any CPU
		{2C09329F-C9A9-4920-A7FA-3EF871DE1667}.Release|Any CPU.Build.0 = Release|Any CPU
	EndGlobalSection
	GlobalSection(SolutionProperties) = preSolution
		HideSolutionNode = FALSE
	EndGlobalSection
EndGlobal
